// !$*UTF8*$!
{
	archiveVersion = 1;
	classes = {
	};
	objectVersion = 50;
	objects = {

/* Begin PBXBuildFile section */
		8818A2A125788DD900EFE4B5 /* dataStore.swift in Sources */ = {isa = PBXBuildFile; fileRef = 8818A2A025788DD900EFE4B5 /* dataStore.swift */; };
		8818A2AA2578CD0900EFE4B5 /* HiMelody-Regular.ttf in Resources */ = {isa = PBXBuildFile; fileRef = 8818A2A92578CD0900EFE4B5 /* HiMelody-Regular.ttf */; };
		8818A2AE25790D1900EFE4B5 /* AVFoundation.framework in Frameworks */ = {isa = PBXBuildFile; fileRef = 8818A2AD25790D1900EFE4B5 /* AVFoundation.framework */; };
		8818A2B0257913C400EFE4B5 /* christmasMusic.mp3 in Resources */ = {isa = PBXBuildFile; fileRef = 8818A2AF257913C400EFE4B5 /* christmasMusic.mp3 */; };
		88C11BC4257498B1007B487B /* AppDelegate.swift in Sources */ = {isa = PBXBuildFile; fileRef = 88C11BC3257498B1007B487B /* AppDelegate.swift */; };
		88C11BC6257498B1007B487B /* SceneDelegate.swift in Sources */ = {isa = PBXBuildFile; fileRef = 88C11BC5257498B1007B487B /* SceneDelegate.swift */; };
		88C11BC8257498B1007B487B /* ViewController.swift in Sources */ = {isa = PBXBuildFile; fileRef = 88C11BC7257498B1007B487B /* ViewController.swift */; };
		88C11BCB257498B1007B487B /* Main.storyboard in Resources */ = {isa = PBXBuildFile; fileRef = 88C11BC9257498B1007B487B /* Main.storyboard */; };
		88C11BCD257498B2007B487B /* Assets.xcassets in Resources */ = {isa = PBXBuildFile; fileRef = 88C11BCC257498B2007B487B /* Assets.xcassets */; };
		88C11BD0257498B2007B487B /* LaunchScreen.storyboard in Resources */ = {isa = PBXBuildFile; fileRef = 88C11BCE257498B2007B487B /* LaunchScreen.storyboard */; };
		88C11BDB25749B86007B487B /* HexCodeConverter.swift in Sources */ = {isa = PBXBuildFile; fileRef = 88C11BDA25749B86007B487B /* HexCodeConverter.swift */; };
		88C11BE12574D21E007B487B /* SnowEmitter.swift in Sources */ = {isa = PBXBuildFile; fileRef = 88C11BE02574D21E007B487B /* SnowEmitter.swift */; };
		88C11BE525761C8C007B487B /* WelcomeViewController.swift in Sources */ = {isa = PBXBuildFile; fileRef = 88C11BE425761C8C007B487B /* WelcomeViewController.swift */; };
		88C11BEE25763603007B487B /* NerkoOne-Regular.ttf in Resources */ = {isa = PBXBuildFile; fileRef = 88C11BEB257635EC007B487B /* NerkoOne-Regular.ttf */; };
/* End PBXBuildFile section */

/* Begin PBXFileReference section */
		8818A2A025788DD900EFE4B5 /* dataStore.swift */ = {isa = PBXFileReference; lastKnownFileType = sourcecode.swift; path = dataStore.swift; sourceTree = "<group>"; };
		8818A2A92578CD0900EFE4B5 /* HiMelody-Regular.ttf */ = {isa = PBXFileReference; lastKnownFileType = file; path = "HiMelody-Regular.ttf"; sourceTree = "<group>"; };
		8818A2AD25790D1900EFE4B5 /* AVFoundation.framework */ = {isa = PBXFileReference; lastKnownFileType = wrapper.framework; name = AVFoundation.framework; path = System/Library/Frameworks/AVFoundation.framework; sourceTree = SDKROOT; };
		8818A2AF257913C400EFE4B5 /* christmasMusic.mp3 */ = {isa = PBXFileReference; lastKnownFileType = audio.mp3; path = christmasMusic.mp3; sourceTree = "<group>"; };
		88C11BC0257498B1007B487B /* 201130_week5_FinalProject.app */ = {isa = PBXFileReference; explicitFileType = wrapper.application; includeInIndex = 0; path = 201130_week5_FinalProject.app; sourceTree = BUILT_PRODUCTS_DIR; };
		88C11BC3257498B1007B487B /* AppDelegate.swift */ = {isa = PBXFileReference; lastKnownFileType = sourcecode.swift; path = AppDelegate.swift; sourceTree = "<group>"; };
		88C11BC5257498B1007B487B /* SceneDelegate.swift */ = {isa = PBXFileReference; lastKnownFileType = sourcecode.swift; path = SceneDelegate.swift; sourceTree = "<group>"; };
		88C11BC7257498B1007B487B /* ViewController.swift */ = {isa = PBXFileReference; lastKnownFileType = sourcecode.swift; path = ViewController.swift; sourceTree = "<group>"; };
		88C11BCA257498B1007B487B /* Base */ = {isa = PBXFileReference; lastKnownFileType = file.storyboard; name = Base; path = Base.lproj/Main.storyboard; sourceTree = "<group>"; };
		88C11BCC257498B2007B487B /* Assets.xcassets */ = {isa = PBXFileReference; lastKnownFileType = folder.assetcatalog; path = Assets.xcassets; sourceTree = "<group>"; };
		88C11BCF257498B2007B487B /* Base */ = {isa = PBXFileReference; lastKnownFileType = file.storyboard; name = Base; path = Base.lproj/LaunchScreen.storyboard; sourceTree = "<group>"; };
		88C11BD1257498B2007B487B /* Info.plist */ = {isa = PBXFileReference; lastKnownFileType = text.plist.xml; path = Info.plist; sourceTree = "<group>"; };
		88C11BDA25749B86007B487B /* HexCodeConverter.swift */ = {isa = PBXFileReference; lastKnownFileType = sourcecode.swift; path = HexCodeConverter.swift; sourceTree = "<group>"; };
		88C11BE02574D21E007B487B /* SnowEmitter.swift */ = {isa = PBXFileReference; lastKnownFileType = sourcecode.swift; path = SnowEmitter.swift; sourceTree = "<group>"; };
		88C11BE425761C8C007B487B /* WelcomeViewController.swift */ = {isa = PBXFileReference; lastKnownFileType = sourcecode.swift; path = WelcomeViewController.swift; sourceTree = "<group>"; };
		88C11BEB257635EC007B487B /* NerkoOne-Regular.ttf */ = {isa = PBXFileReference; lastKnownFileType = file; path = "NerkoOne-Regular.ttf"; sourceTree = "<group>"; };
/* End PBXFileReference section */

/* Begin PBXFrameworksBuildPhase section */
		88C11BBD257498B1007B487B /* Frameworks */ = {
			isa = PBXFrameworksBuildPhase;
			buildActionMask = 2147483647;
			files = (
				8818A2AE25790D1900EFE4B5 /* AVFoundation.framework in Frameworks */,
			);
			runOnlyForDeploymentPostprocessing = 0;
		};
/* End PBXFrameworksBuildPhase section */

/* Begin PBXGroup section */
		8818A2AC25790D1900EFE4B5 /* Frameworks */ = {
			isa = PBXGroup;
			children = (
				8818A2AD25790D1900EFE4B5 /* AVFoundation.framework */,
			);
			name = Frameworks;
			sourceTree = "<group>";
		};
		88C11BB7257498B1007B487B = {
			isa = PBXGroup;
			children = (
				88C11BC2257498B1007B487B /* 201130_week5_FinalProject */,
				88C11BC1257498B1007B487B /* Products */,
				8818A2AC25790D1900EFE4B5 /* Frameworks */,
			);
			sourceTree = "<group>";
		};
		88C11BC1257498B1007B487B /* Products */ = {
			isa = PBXGroup;
			children = (
				88C11BC0257498B1007B487B /* 201130_week5_FinalProject.app */,
			);
			name = Products;
			sourceTree = "<group>";
		};
		88C11BC2257498B1007B487B /* 201130_week5_FinalProject */ = {
			isa = PBXGroup;
			children = (
				88C11BC3257498B1007B487B /* AppDelegate.swift */,
				88C11BC5257498B1007B487B /* SceneDelegate.swift */,
				88C11BDE25749B8E007B487B /* Model */,
				88C11BD825749B5B007B487B /* Controller */,
				88C11BD925749B69007B487B /* View */,
				88C11BCC257498B2007B487B /* Assets.xcassets */,
				8818A2AF257913C400EFE4B5 /* christmasMusic.mp3 */,
				88C11BCE257498B2007B487B /* LaunchScreen.storyboard */,
				88C11BD1257498B2007B487B /* Info.plist */,
				88C11BEB257635EC007B487B /* NerkoOne-Regular.ttf */,
				8818A2A92578CD0900EFE4B5 /* HiMelody-Regular.ttf */,
			);
			path = 201130_week5_FinalProject;
			sourceTree = "<group>";
		};
		88C11BD825749B5B007B487B /* Controller */ = {
			isa = PBXGroup;
			children = (
				88C11BE425761C8C007B487B /* WelcomeViewController.swift */,
				88C11BC7257498B1007B487B /* ViewController.swift */,
			);
			path = Controller;
			sourceTree = "<group>";
		};
		88C11BD925749B69007B487B /* View */ = {
			isa = PBXGroup;
			children = (
				88C11BC9257498B1007B487B /* Main.storyboard */,
			);
			path = View;
			sourceTree = "<group>";
		};
		88C11BDE25749B8E007B487B /* Model */ = {
			isa = PBXGroup;
			children = (
				88C11BDA25749B86007B487B /* HexCodeConverter.swift */,
				88C11BE02574D21E007B487B /* SnowEmitter.swift */,
				8818A2A025788DD900EFE4B5 /* dataStore.swift */,
			);
			path = Model;
			sourceTree = "<group>";
		};
/* End PBXGroup section */

/* Begin PBXNativeTarget section */
		88C11BBF257498B1007B487B /* 201130_week5_FinalProject */ = {
			isa = PBXNativeTarget;
			buildConfigurationList = 88C11BD4257498B2007B487B /* Build configuration list for PBXNativeTarget "201130_week5_FinalProject" */;
			buildPhases = (
				88C11BBC257498B1007B487B /* Sources */,
				88C11BBD257498B1007B487B /* Frameworks */,
				88C11BBE257498B1007B487B /* Resources */,
			);
			buildRules = (
			);
			dependencies = (
			);
			name = 201130_week5_FinalProject;
			productName = 201130_week5_FinalProject;
			productReference = 88C11BC0257498B1007B487B /* 201130_week5_FinalProject.app */;
			productType = "com.apple.product-type.application";
		};
/* End PBXNativeTarget section */

/* Begin PBXProject section */
		88C11BB8257498B1007B487B /* Project object */ = {
			isa = PBXProject;
			attributes = {
				LastSwiftUpdateCheck = 1220;
				LastUpgradeCheck = 1220;
				TargetAttributes = {
					88C11BBF257498B1007B487B = {
						CreatedOnToolsVersion = 12.2;
					};
				};
			};
			buildConfigurationList = 88C11BBB257498B1007B487B /* Build configuration list for PBXProject "201130_week5_FinalProject" */;
			compatibilityVersion = "Xcode 9.3";
			developmentRegion = en;
			hasScannedForEncodings = 0;
			knownRegions = (
				en,
				Base,
			);
			mainGroup = 88C11BB7257498B1007B487B;
			productRefGroup = 88C11BC1257498B1007B487B /* Products */;
			projectDirPath = "";
			projectRoot = "";
			targets = (
				88C11BBF257498B1007B487B /* 201130_week5_FinalProject */,
			);
		};
/* End PBXProject section */

/* Begin PBXResourcesBuildPhase section */
		88C11BBE257498B1007B487B /* Resources */ = {
			isa = PBXResourcesBuildPhase;
			buildActionMask = 2147483647;
			files = (
				88C11BEE25763603007B487B /* NerkoOne-Regular.ttf in Resources */,
				8818A2AA2578CD0900EFE4B5 /* HiMelody-Regular.ttf in Resources */,
				88C11BD0257498B2007B487B /* LaunchScreen.storyboard in Resources */,
				8818A2B0257913C400EFE4B5 /* christmasMusic.mp3 in Resources */,
				88C11BCD257498B2007B487B /* Assets.xcassets in Resources */,
				88C11BCB257498B1007B487B /* Main.storyboard in Resources */,
			);
			runOnlyForDeploymentPostprocessing = 0;
		};
/* End PBXResourcesBuildPhase section */

/* Begin PBXSourcesBuildPhase section */
		88C11BBC257498B1007B487B /* Sources */ = {
			isa = PBXSourcesBuildPhase;
			buildActionMask = 2147483647;
			files = (
				88C11BC8257498B1007B487B /* ViewController.swift in Sources */,
				8818A2A125788DD900EFE4B5 /* dataStore.swift in Sources */,
				88C11BDB25749B86007B487B /* HexCodeConverter.swift in Sources */,
				88C11BC4257498B1007B487B /* AppDelegate.swift in Sources */,
				88C11BE525761C8C007B487B /* WelcomeViewController.swift in Sources */,
				88C11BE12574D21E007B487B /* SnowEmitter.swift in Sources */,
				88C11BC6257498B1007B487B /* SceneDelegate.swift in Sources */,
			);
			runOnlyForDeploymentPostprocessing = 0;
		};
/* End PBXSourcesBuildPhase section */

/* Begin PBXVariantGroup section */
		88C11BC9257498B1007B487B /* Main.storyboard */ = {
			isa = PBXVariantGroup;
			children = (
				88C11BCA257498B1007B487B /* Base */,
			);
			name = Main.storyboard;
			sourceTree = "<group>";
		};
		88C11BCE257498B2007B487B /* LaunchScreen.storyboard */ = {
			isa = PBXVariantGroup;
			children = (
				88C11BCF257498B2007B487B /* Base */,
			);
			name = LaunchScreen.storyboard;
			sourceTree = "<group>";
		};
/* End PBXVariantGroup section */

/* Begin XCBuildConfiguration section */
		88C11BD2257498B2007B487B /* Debug */ = {
			isa = XCBuildConfiguration;
			buildSettings = {
				ALWAYS_SEARCH_USER_PATHS = NO;
				CLANG_ANALYZER_NONNULL = YES;
				CLANG_ANALYZER_NUMBER_OBJECT_CONVERSION = YES_AGGRESSIVE;
				CLANG_CXX_LANGUAGE_STANDARD = "gnu++14";
				CLANG_CXX_LIBRARY = "libc++";
				CLANG_ENABLE_MODULES = YES;
				CLANG_ENABLE_OBJC_ARC = YES;
				CLANG_ENABLE_OBJC_WEAK = YES;
				CLANG_WARN_BLOCK_CAPTURE_AUTORELEASING = YES;
				CLANG_WARN_BOOL_CONVERSION = YES;
				CLANG_WARN_COMMA = YES;
				CLANG_WARN_CONSTANT_CONVERSION = YES;
				CLANG_WARN_DEPRECATED_OBJC_IMPLEMENTATIONS = YES;
				CLANG_WARN_DIRECT_OBJC_ISA_USAGE = YES_ERROR;
				CLANG_WARN_DOCUMENTATION_COMMENTS = YES;
				CLANG_WARN_EMPTY_BODY = YES;
				CLANG_WARN_ENUM_CONVERSION = YES;
				CLANG_WARN_INFINITE_RECURSION = YES;
				CLANG_WARN_INT_CONVERSION = YES;
				CLANG_WARN_NON_LITERAL_NULL_CONVERSION = YES;
				CLANG_WARN_OBJC_IMPLICIT_RETAIN_SELF = YES;
				CLANG_WARN_OBJC_LITERAL_CONVERSION = YES;
				CLANG_WARN_OBJC_ROOT_CLASS = YES_ERROR;
				CLANG_WARN_QUOTED_INCLUDE_IN_FRAMEWORK_HEADER = YES;
				CLANG_WARN_RANGE_LOOP_ANALYSIS = YES;
				CLANG_WARN_STRICT_PROTOTYPES = YES;
				CLANG_WARN_SUSPICIOUS_MOVE = YES;
				CLANG_WARN_UNGUARDED_AVAILABILITY = YES_AGGRESSIVE;
				CLANG_WARN_UNREACHABLE_CODE = YES;
				CLANG_WARN__DUPLICATE_METHOD_MATCH = YES;
				COPY_PHASE_STRIP = NO;
				DEBUG_INFORMATION_FORMAT = dwarf;
				ENABLE_STRICT_OBJC_MSGSEND = YES;
				ENABLE_TESTABILITY = YES;
				GCC_C_LANGUAGE_STANDARD = gnu11;
				GCC_DYNAMIC_NO_PIC = NO;
				GCC_NO_COMMON_BLOCKS = YES;
				GCC_OPTIMIZATION_LEVEL = 0;
				GCC_PREPROCESSOR_DEFINITIONS = (
					"DEBUG=1",
					"$(inherited)",
				);
				GCC_WARN_64_TO_32_BIT_CONVERSION = YES;
				GCC_WARN_ABOUT_RETURN_TYPE = YES_ERROR;
				GCC_WARN_UNDECLARED_SELECTOR = YES;
				GCC_WARN_UNINITIALIZED_AUTOS = YES_AGGRESSIVE;
				GCC_WARN_UNUSED_FUNCTION = YES;
				GCC_WARN_UNUSED_VARIABLE = YES;
				IPHONEOS_DEPLOYMENT_TARGET = 14.2;
				MTL_ENABLE_DEBUG_INFO = INCLUDE_SOURCE;
				MTL_FAST_MATH = YES;
				ONLY_ACTIVE_ARCH = YES;
				SDKROOT = iphoneos;
				SWIFT_ACTIVE_COMPILATION_CONDITIONS = DEBUG;
				SWIFT_OPTIMIZATION_LEVEL = "-Onone";
			};
			name = Debug;
		};
		88C11BD3257498B2007B487B /* Release */ = {
			isa = XCBuildConfiguration;
			buildSettings = {
				ALWAYS_SEARCH_USER_PATHS = NO;
				CLANG_ANALYZER_NONNULL = YES;
				CLANG_ANALYZER_NUMBER_OBJECT_CONVERSION = YES_AGGRESSIVE;
				CLANG_CXX_LANGUAGE_STANDARD = "gnu++14";
				CLANG_CXX_LIBRARY = "libc++";
				CLANG_ENABLE_MODULES = YES;
				CLANG_ENABLE_OBJC_ARC = YES;
				CLANG_ENABLE_OBJC_WEAK = YES;
				CLANG_WARN_BLOCK_CAPTURE_AUTORELEASING = YES;
				CLANG_WARN_BOOL_CONVERSION = YES;
				CLANG_WARN_COMMA = YES;
				CLANG_WARN_CONSTANT_CONVERSION = YES;
				CLANG_WARN_DEPRECATED_OBJC_IMPLEMENTATIONS = YES;
				CLANG_WARN_DIRECT_OBJC_ISA_USAGE = YES_ERROR;
				CLANG_WARN_DOCUMENTATION_COMMENTS = YES;
				CLANG_WARN_EMPTY_BODY = YES;
				CLANG_WARN_ENUM_CONVERSION = YES;
				CLANG_WARN_INFINITE_RECURSION = YES;
				CLANG_WARN_INT_CONVERSION = YES;
				CLANG_WARN_NON_LITERAL_NULL_CONVERSION = YES;
				CLANG_WARN_OBJC_IMPLICIT_RETAIN_SELF = YES;
				CLANG_WARN_OBJC_LITERAL_CONVERSION = YES;
				CLANG_WARN_OBJC_ROOT_CLASS = YES_ERROR;
				CLANG_WARN_QUOTED_INCLUDE_IN_FRAMEWORK_HEADER = YES;
				CLANG_WARN_RANGE_LOOP_ANALYSIS = YES;
				CLANG_WARN_STRICT_PROTOTYPES = YES;
				CLANG_WARN_SUSPICIOUS_MOVE = YES;
				CLANG_WARN_UNGUARDED_AVAILABILITY = YES_AGGRESSIVE;
				CLANG_WARN_UNREACHABLE_CODE = YES;
				CLANG_WARN__DUPLICATE_METHOD_MATCH = YES;
				COPY_PHASE_STRIP = NO;
				DEBUG_INFORMATION_FORMAT = "dwarf-with-dsym";
				ENABLE_NS_ASSERTIONS = NO;
				ENABLE_STRICT_OBJC_MSGSEND = YES;
				GCC_C_LANGUAGE_STANDARD = gnu11;
				GCC_NO_COMMON_BLOCKS = YES;
				GCC_WARN_64_TO_32_BIT_CONVERSION = YES;
				GCC_WARN_ABOUT_RETURN_TYPE = YES_ERROR;
				GCC_WARN_UNDECLARED_SELECTOR = YES;
				GCC_WARN_UNINITIALIZED_AUTOS = YES_AGGRESSIVE;
				GCC_WARN_UNUSED_FUNCTION = YES;
				GCC_WARN_UNUSED_VARIABLE = YES;
				IPHONEOS_DEPLOYMENT_TARGET = 14.2;
				MTL_ENABLE_DEBUG_INFO = NO;
				MTL_FAST_MATH = YES;
				SDKROOT = iphoneos;
				SWIFT_COMPILATION_MODE = wholemodule;
				SWIFT_OPTIMIZATION_LEVEL = "-O";
				VALIDATE_PRODUCT = YES;
			};
			name = Release;
		};
		88C11BD5257498B2007B487B /* Debug */ = {
			isa = XCBuildConfiguration;
			buildSettings = {
				ASSETCATALOG_COMPILER_APPICON_NAME = AppIcon;
				ASSETCATALOG_COMPILER_GLOBAL_ACCENT_COLOR_NAME = AccentColor;
				CODE_SIGN_STYLE = Automatic;
				DEVELOPMENT_TEAM = 74X8W85PJ2;
				INFOPLIST_FILE = 201130_week5_FinalProject/Info.plist;
				LD_RUNPATH_SEARCH_PATHS = (
					"$(inherited)",
					"@executable_path/Frameworks",
				);
				PRODUCT_BUNDLE_IDENTIFIER = "com.jjstudio.-01130-week5-FinalProject";
				PRODUCT_NAME = "$(TARGET_NAME)";
				SWIFT_VERSION = 5.0;
				TARGETED_DEVICE_FAMILY = "1,2";
			};
			name = Debug;
		};
		88C11BD6257498B2007B487B /* Release */ = {
			isa = XCBuildConfiguration;
			buildSettings = {
				ASSETCATALOG_COMPILER_APPICON_NAME = AppIcon;
				ASSETCATALOG_COMPILER_GLOBAL_ACCENT_COLOR_NAME = AccentColor;
				CODE_SIGN_STYLE = Automatic;
				DEVELOPMENT_TEAM = 74X8W85PJ2;
				INFOPLIST_FILE = 201130_week5_FinalProject/Info.plist;
				LD_RUNPATH_SEARCH_PATHS = (
					"$(inherited)",
					"@executable_path/Frameworks",
				);
				PRODUCT_BUNDLE_IDENTIFIER = "com.jjstudio.-01130-week5-FinalProject";
				PRODUCT_NAME = "$(TARGET_NAME)";
				SWIFT_VERSION = 5.0;
				TARGETED_DEVICE_FAMILY = "1,2";
			};
			name = Release;
		};
/* End XCBuildConfiguration section */

/* Begin XCConfigurationList section */
		88C11BBB257498B1007B487B /* Build configuration list for PBXProject "201130_week5_FinalProject" */ = {
			isa = XCConfigurationList;
			buildConfigurations = (
				88C11BD2257498B2007B487B /* Debug */,
				88C11BD3257498B2007B487B /* Release */,
			);
			defaultConfigurationIsVisible = 0;
			defaultConfigurationName = Release;
		};
		88C11BD4257498B2007B487B /* Build configuration list for PBXNativeTarget "201130_week5_FinalProject" */ = {
			isa = XCConfigurationList;
			buildConfigurations = (
				88C11BD5257498B2007B487B /* Debug */,
				88C11BD6257498B2007B487B /* Release */,
			);
			defaultConfigurationIsVisible = 0;
			defaultConfigurationName = Release;
		};
/* End XCConfigurationList section */
	};
	rootObject = 88C11BB8257498B1007B487B /* Project object */;
}
