// !$*UTF8*$!
{
	archiveVersion = 1;
	classes = {
	};
	objectVersion = 50;
	objects = {

/* Begin PBXBuildFile section */
		8812D603255A70BA00958D3F /* AppDelegate.swift in Sources */ = {isa = PBXBuildFile; fileRef = 8812D602255A70BA00958D3F /* AppDelegate.swift */; };
		8812D605255A70BA00958D3F /* SceneDelegate.swift in Sources */ = {isa = PBXBuildFile; fileRef = 8812D604255A70BA00958D3F /* SceneDelegate.swift */; };
		8812D607255A70BA00958D3F /* ViewController.swift in Sources */ = {isa = PBXBuildFile; fileRef = 8812D606255A70BA00958D3F /* ViewController.swift */; };
		8812D60A255A70BA00958D3F /* Main.storyboard in Resources */ = {isa = PBXBuildFile; fileRef = 8812D608255A70BA00958D3F /* Main.storyboard */; };
		8812D60C255A70BD00958D3F /* Assets.xcassets in Resources */ = {isa = PBXBuildFile; fileRef = 8812D60B255A70BD00958D3F /* Assets.xcassets */; };
		8812D60F255A70BD00958D3F /* LaunchScreen.storyboard in Resources */ = {isa = PBXBuildFile; fileRef = 8812D60D255A70BD00958D3F /* LaunchScreen.storyboard */; };
		8812D618255A8DC000958D3F /* green-tea.jpg in Resources */ = {isa = PBXBuildFile; fileRef = 8812D617255A8DC000958D3F /* green-tea.jpg */; };
		8812D61B255A8DCF00958D3F /* cafe-latte.jpg in Resources */ = {isa = PBXBuildFile; fileRef = 8812D61A255A8DCF00958D3F /* cafe-latte.jpg */; };
/* End PBXBuildFile section */

/* Begin PBXFileReference section */
		8812D5FF255A70BA00958D3F /* HelloCafe.app */ = {isa = PBXFileReference; explicitFileType = wrapper.application; includeInIndex = 0; path = HelloCafe.app; sourceTree = BUILT_PRODUCTS_DIR; };
		8812D602255A70BA00958D3F /* AppDelegate.swift */ = {isa = PBXFileReference; lastKnownFileType = sourcecode.swift; path = AppDelegate.swift; sourceTree = "<group>"; };
		8812D604255A70BA00958D3F /* SceneDelegate.swift */ = {isa = PBXFileReference; lastKnownFileType = sourcecode.swift; path = SceneDelegate.swift; sourceTree = "<group>"; };
		8812D606255A70BA00958D3F /* ViewController.swift */ = {isa = PBXFileReference; lastKnownFileType = sourcecode.swift; path = ViewController.swift; sourceTree = "<group>"; };
		8812D609255A70BA00958D3F /* Base */ = {isa = PBXFileReference; lastKnownFileType = file.storyboard; name = Base; path = Base.lproj/Main.storyboard; sourceTree = "<group>"; };
		8812D60B255A70BD00958D3F /* Assets.xcassets */ = {isa = PBXFileReference; lastKnownFileType = folder.assetcatalog; path = Assets.xcassets; sourceTree = "<group>"; };
		8812D60E255A70BD00958D3F /* Base */ = {isa = PBXFileReference; lastKnownFileType = file.storyboard; name = Base; path = Base.lproj/LaunchScreen.storyboard; sourceTree = "<group>"; };
		8812D610255A70BD00958D3F /* Info.plist */ = {isa = PBXFileReference; lastKnownFileType = text.plist.xml; path = Info.plist; sourceTree = "<group>"; };
		8812D617255A8DC000958D3F /* green-tea.jpg */ = {isa = PBXFileReference; lastKnownFileType = image.jpeg; path = "green-tea.jpg"; sourceTree = "<group>"; };
		8812D61A255A8DCF00958D3F /* cafe-latte.jpg */ = {isa = PBXFileReference; lastKnownFileType = image.jpeg; path = "cafe-latte.jpg"; sourceTree = "<group>"; };
/* End PBXFileReference section */

/* Begin PBXFrameworksBuildPhase section */
		8812D5FC255A70BA00958D3F /* Frameworks */ = {
			isa = PBXFrameworksBuildPhase;
			buildActionMask = 2147483647;
			files = (
			);
			runOnlyForDeploymentPostprocessing = 0;
		};
/* End PBXFrameworksBuildPhase section */

/* Begin PBXGroup section */
		8812D5F6255A70BA00958D3F = {
			isa = PBXGroup;
			children = (
				8812D601255A70BA00958D3F /* HelloCafe */,
				8812D600255A70BA00958D3F /* Products */,
			);
			sourceTree = "<group>";
		};
		8812D600255A70BA00958D3F /* Products */ = {
			isa = PBXGroup;
			children = (
				8812D5FF255A70BA00958D3F /* HelloCafe.app */,
			);
			name = Products;
			sourceTree = "<group>";
		};
		8812D601255A70BA00958D3F /* HelloCafe */ = {
			isa = PBXGroup;
			children = (
				8812D602255A70BA00958D3F /* AppDelegate.swift */,
				8812D604255A70BA00958D3F /* SceneDelegate.swift */,
				8812D606255A70BA00958D3F /* ViewController.swift */,
				8812D608255A70BA00958D3F /* Main.storyboard */,
				8812D60B255A70BD00958D3F /* Assets.xcassets */,
				8812D617255A8DC000958D3F /* green-tea.jpg */,
				8812D61A255A8DCF00958D3F /* cafe-latte.jpg */,
				8812D60D255A70BD00958D3F /* LaunchScreen.storyboard */,
				8812D610255A70BD00958D3F /* Info.plist */,
			);
			path = HelloCafe;
			sourceTree = "<group>";
		};
/* End PBXGroup section */

/* Begin PBXNativeTarget section */
		8812D5FE255A70BA00958D3F /* HelloCafe */ = {
			isa = PBXNativeTarget;
			buildConfigurationList = 8812D613255A70BD00958D3F /* Build configuration list for PBXNativeTarget "HelloCafe" */;
			buildPhases = (
				8812D5FB255A70BA00958D3F /* Sources */,
				8812D5FC255A70BA00958D3F /* Frameworks */,
				8812D5FD255A70BA00958D3F /* Resources */,
			);
			buildRules = (
			);
			dependencies = (
			);
			name = HelloCafe;
			productName = HelloCafe;
			productReference = 8812D5FF255A70BA00958D3F /* HelloCafe.app */;
			productType = "com.apple.product-type.application";
		};
/* End PBXNativeTarget section */

/* Begin PBXProject section */
		8812D5F7255A70BA00958D3F /* Project object */ = {
			isa = PBXProject;
			attributes = {
				LastSwiftUpdateCheck = 1210;
				LastUpgradeCheck = 1210;
				TargetAttributes = {
					8812D5FE255A70BA00958D3F = {
						CreatedOnToolsVersion = 12.1;
					};
				};
			};
			buildConfigurationList = 8812D5FA255A70BA00958D3F /* Build configuration list for PBXProject "HelloCafe" */;
			compatibilityVersion = "Xcode 9.3";
			developmentRegion = en;
			hasScannedForEncodings = 0;
			knownRegions = (
				en,
				Base,
			);
			mainGroup = 8812D5F6255A70BA00958D3F;
			productRefGroup = 8812D600255A70BA00958D3F /* Products */;
			projectDirPath = "";
			projectRoot = "";
			targets = (
				8812D5FE255A70BA00958D3F /* HelloCafe */,
			);
		};
/* End PBXProject section */

/* Begin PBXResourcesBuildPhase section */
		8812D5FD255A70BA00958D3F /* Resources */ = {
			isa = PBXResourcesBuildPhase;
			buildActionMask = 2147483647;
			files = (
				8812D618255A8DC000958D3F /* green-tea.jpg in Resources */,
				8812D60F255A70BD00958D3F /* LaunchScreen.storyboard in Resources */,
				8812D61B255A8DCF00958D3F /* cafe-latte.jpg in Resources */,
				8812D60C255A70BD00958D3F /* Assets.xcassets in Resources */,
				8812D60A255A70BA00958D3F /* Main.storyboard in Resources */,
			);
			runOnlyForDeploymentPostprocessing = 0;
		};
/* End PBXResourcesBuildPhase section */

/* Begin PBXSourcesBuildPhase section */
		8812D5FB255A70BA00958D3F /* Sources */ = {
			isa = PBXSourcesBuildPhase;
			buildActionMask = 2147483647;
			files = (
				8812D607255A70BA00958D3F /* ViewController.swift in Sources */,
				8812D603255A70BA00958D3F /* AppDelegate.swift in Sources */,
				8812D605255A70BA00958D3F /* SceneDelegate.swift in Sources */,
			);
			runOnlyForDeploymentPostprocessing = 0;
		};
/* End PBXSourcesBuildPhase section */

/* Begin PBXVariantGroup section */
		8812D608255A70BA00958D3F /* Main.storyboard */ = {
			isa = PBXVariantGroup;
			children = (
				8812D609255A70BA00958D3F /* Base */,
			);
			name = Main.storyboard;
			sourceTree = "<group>";
		};
		8812D60D255A70BD00958D3F /* LaunchScreen.storyboard */ = {
			isa = PBXVariantGroup;
			children = (
				8812D60E255A70BD00958D3F /* Base */,
			);
			name = LaunchScreen.storyboard;
			sourceTree = "<group>";
		};
/* End PBXVariantGroup section */

/* Begin XCBuildConfiguration section */
		8812D611255A70BD00958D3F /* Debug */ = {
			isa = XCBuildConfiguration;
			buildSettings = {
				ALWAYS_SEARCH_USER_PATHS = NO;
				CLANG_ANALYZER_NONNULL = YES;
				CLANG_ANALYZER_NUMBER_OBJECT_CONVERSION = YES_AGGRESSIVE;
				CLANG_CXX_LANGUAGE_STANDARD = "gnu++14";
				CLANG_CXX_LIBRARY = "libc++";
				CLANG_ENABLE_MODULES = YES;
				CLANG_ENABLE_OBJC_ARC = YES;
				CLANG_ENABLE_OBJC_WEAK = YES;
				CLANG_WARN_BLOCK_CAPTURE_AUTORELEASING = YES;
				CLANG_WARN_BOOL_CONVERSION = YES;
				CLANG_WARN_COMMA = YES;
				CLANG_WARN_CONSTANT_CONVERSION = YES;
				CLANG_WARN_DEPRECATED_OBJC_IMPLEMENTATIONS = YES;
				CLANG_WARN_DIRECT_OBJC_ISA_USAGE = YES_ERROR;
				CLANG_WARN_DOCUMENTATION_COMMENTS = YES;
				CLANG_WARN_EMPTY_BODY = YES;
				CLANG_WARN_ENUM_CONVERSION = YES;
				CLANG_WARN_INFINITE_RECURSION = YES;
				CLANG_WARN_INT_CONVERSION = YES;
				CLANG_WARN_NON_LITERAL_NULL_CONVERSION = YES;
				CLANG_WARN_OBJC_IMPLICIT_RETAIN_SELF = YES;
				CLANG_WARN_OBJC_LITERAL_CONVERSION = YES;
				CLANG_WARN_OBJC_ROOT_CLASS = YES_ERROR;
				CLANG_WARN_QUOTED_INCLUDE_IN_FRAMEWORK_HEADER = YES;
				CLANG_WARN_RANGE_LOOP_ANALYSIS = YES;
				CLANG_WARN_STRICT_PROTOTYPES = YES;
				CLANG_WARN_SUSPICIOUS_MOVE = YES;
				CLANG_WARN_UNGUARDED_AVAILABILITY = YES_AGGRESSIVE;
				CLANG_WARN_UNREACHABLE_CODE = YES;
				CLANG_WARN__DUPLICATE_METHOD_MATCH = YES;
				COPY_PHASE_STRIP = NO;
				DEBUG_INFORMATION_FORMAT = dwarf;
				ENABLE_STRICT_OBJC_MSGSEND = YES;
				ENABLE_TESTABILITY = YES;
				GCC_C_LANGUAGE_STANDARD = gnu11;
				GCC_DYNAMIC_NO_PIC = NO;
				GCC_NO_COMMON_BLOCKS = YES;
				GCC_OPTIMIZATION_LEVEL = 0;
				GCC_PREPROCESSOR_DEFINITIONS = (
					"DEBUG=1",
					"$(inherited)",
				);
				GCC_WARN_64_TO_32_BIT_CONVERSION = YES;
				GCC_WARN_ABOUT_RETURN_TYPE = YES_ERROR;
				GCC_WARN_UNDECLARED_SELECTOR = YES;
				GCC_WARN_UNINITIALIZED_AUTOS = YES_AGGRESSIVE;
				GCC_WARN_UNUSED_FUNCTION = YES;
				GCC_WARN_UNUSED_VARIABLE = YES;
				IPHONEOS_DEPLOYMENT_TARGET = 14.1;
				MTL_ENABLE_DEBUG_INFO = INCLUDE_SOURCE;
				MTL_FAST_MATH = YES;
				ONLY_ACTIVE_ARCH = YES;
				SDKROOT = iphoneos;
				SWIFT_ACTIVE_COMPILATION_CONDITIONS = DEBUG;
				SWIFT_OPTIMIZATION_LEVEL = "-Onone";
			};
			name = Debug;
		};
		8812D612255A70BD00958D3F /* Release */ = {
			isa = XCBuildConfiguration;
			buildSettings = {
				ALWAYS_SEARCH_USER_PATHS = NO;
				CLANG_ANALYZER_NONNULL = YES;
				CLANG_ANALYZER_NUMBER_OBJECT_CONVERSION = YES_AGGRESSIVE;
				CLANG_CXX_LANGUAGE_STANDARD = "gnu++14";
				CLANG_CXX_LIBRARY = "libc++";
				CLANG_ENABLE_MODULES = YES;
				CLANG_ENABLE_OBJC_ARC = YES;
				CLANG_ENABLE_OBJC_WEAK = YES;
				CLANG_WARN_BLOCK_CAPTURE_AUTORELEASING = YES;
				CLANG_WARN_BOOL_CONVERSION = YES;
				CLANG_WARN_COMMA = YES;
				CLANG_WARN_CONSTANT_CONVERSION = YES;
				CLANG_WARN_DEPRECATED_OBJC_IMPLEMENTATIONS = YES;
				CLANG_WARN_DIRECT_OBJC_ISA_USAGE = YES_ERROR;
				CLANG_WARN_DOCUMENTATION_COMMENTS = YES;
				CLANG_WARN_EMPTY_BODY = YES;
				CLANG_WARN_ENUM_CONVERSION = YES;
				CLANG_WARN_INFINITE_RECURSION = YES;
				CLANG_WARN_INT_CONVERSION = YES;
				CLANG_WARN_NON_LITERAL_NULL_CONVERSION = YES;
				CLANG_WARN_OBJC_IMPLICIT_RETAIN_SELF = YES;
				CLANG_WARN_OBJC_LITERAL_CONVERSION = YES;
				CLANG_WARN_OBJC_ROOT_CLASS = YES_ERROR;
				CLANG_WARN_QUOTED_INCLUDE_IN_FRAMEWORK_HEADER = YES;
				CLANG_WARN_RANGE_LOOP_ANALYSIS = YES;
				CLANG_WARN_STRICT_PROTOTYPES = YES;
				CLANG_WARN_SUSPICIOUS_MOVE = YES;
				CLANG_WARN_UNGUARDED_AVAILABILITY = YES_AGGRESSIVE;
				CLANG_WARN_UNREACHABLE_CODE = YES;
				CLANG_WARN__DUPLICATE_METHOD_MATCH = YES;
				COPY_PHASE_STRIP = NO;
				DEBUG_INFORMATION_FORMAT = "dwarf-with-dsym";
				ENABLE_NS_ASSERTIONS = NO;
				ENABLE_STRICT_OBJC_MSGSEND = YES;
				GCC_C_LANGUAGE_STANDARD = gnu11;
				GCC_NO_COMMON_BLOCKS = YES;
				GCC_WARN_64_TO_32_BIT_CONVERSION = YES;
				GCC_WARN_ABOUT_RETURN_TYPE = YES_ERROR;
				GCC_WARN_UNDECLARED_SELECTOR = YES;
				GCC_WARN_UNINITIALIZED_AUTOS = YES_AGGRESSIVE;
				GCC_WARN_UNUSED_FUNCTION = YES;
				GCC_WARN_UNUSED_VARIABLE = YES;
				IPHONEOS_DEPLOYMENT_TARGET = 14.1;
				MTL_ENABLE_DEBUG_INFO = NO;
				MTL_FAST_MATH = YES;
				SDKROOT = iphoneos;
				SWIFT_COMPILATION_MODE = wholemodule;
				SWIFT_OPTIMIZATION_LEVEL = "-O";
				VALIDATE_PRODUCT = YES;
			};
			name = Release;
		};
		8812D614255A70BD00958D3F /* Debug */ = {
			isa = XCBuildConfiguration;
			buildSettings = {
				ASSETCATALOG_COMPILER_APPICON_NAME = AppIcon;
				ASSETCATALOG_COMPILER_GLOBAL_ACCENT_COLOR_NAME = AccentColor;
				CODE_SIGN_STYLE = Automatic;
				DEVELOPMENT_TEAM = 74X8W85PJ2;
				INFOPLIST_FILE = HelloCafe/Info.plist;
				LD_RUNPATH_SEARCH_PATHS = (
					"$(inherited)",
					"@executable_path/Frameworks",
				);
				PRODUCT_BUNDLE_IDENTIFIER = com.jjstudio.HelloCafe;
				PRODUCT_NAME = "$(TARGET_NAME)";
				SWIFT_VERSION = 5.0;
				TARGETED_DEVICE_FAMILY = "1,2";
			};
			name = Debug;
		};
		8812D615255A70BD00958D3F /* Release */ = {
			isa = XCBuildConfiguration;
			buildSettings = {
				ASSETCATALOG_COMPILER_APPICON_NAME = AppIcon;
				ASSETCATALOG_COMPILER_GLOBAL_ACCENT_COLOR_NAME = AccentColor;
				CODE_SIGN_STYLE = Automatic;
				DEVELOPMENT_TEAM = 74X8W85PJ2;
				INFOPLIST_FILE = HelloCafe/Info.plist;
				LD_RUNPATH_SEARCH_PATHS = (
					"$(inherited)",
					"@executable_path/Frameworks",
				);
				PRODUCT_BUNDLE_IDENTIFIER = com.jjstudio.HelloCafe;
				PRODUCT_NAME = "$(TARGET_NAME)";
				SWIFT_VERSION = 5.0;
				TARGETED_DEVICE_FAMILY = "1,2";
			};
			name = Release;
		};
/* End XCBuildConfiguration section */

/* Begin XCConfigurationList section */
		8812D5FA255A70BA00958D3F /* Build configuration list for PBXProject "HelloCafe" */ = {
			isa = XCConfigurationList;
			buildConfigurations = (
				8812D611255A70BD00958D3F /* Debug */,
				8812D612255A70BD00958D3F /* Release */,
			);
			defaultConfigurationIsVisible = 0;
			defaultConfigurationName = Release;
		};
		8812D613255A70BD00958D3F /* Build configuration list for PBXNativeTarget "HelloCafe" */ = {
			isa = XCConfigurationList;
			buildConfigurations = (
				8812D614255A70BD00958D3F /* Debug */,
				8812D615255A70BD00958D3F /* Release */,
			);
			defaultConfigurationIsVisible = 0;
			defaultConfigurationName = Release;
		};
/* End XCConfigurationList section */
	};
	rootObject = 8812D5F7255A70BA00958D3F /* Project object */;
}
